// !$*UTF8*$!
{
	archiveVersion = 1;
	classes = {
	};
	objectVersion = 56;
	objects = {

/* Begin PBXBuildFile section */
		WA001001 /* WritingAssistantApp.swift in Sources */ = {isa = PBXBuildFile; fileRef = WA002001 /* WritingAssistantApp.swift */; };
		WA001002 /* WritingModel.swift in Sources */ = {isa = PBXBuildFile; fileRef = WA002002 /* WritingModel.swift */; };
		WA001003 /* RootView.swift in Sources */ = {isa = PBXBuildFile; fileRef = WA002003 /* RootView.swift */; };
		WA001004 /* SidebarView.swift in Sources */ = {isa = PBXBuildFile; fileRef = WA002004 /* SidebarView.swift */; };
		WA001005 /* EditorPane.swift in Sources */ = {isa = PBXBuildFile; fileRef = WA002005 /* EditorPane.swift */; };
		WA001006 /* AgentDetailView.swift in Sources */ = {isa = PBXBuildFile; fileRef = WA002006 /* AgentDetailView.swift */; };
		WA001010 /* StrandsAgents in Frameworks */ = {isa = PBXBuildFile; productRef = WA005001 /* StrandsAgents */; };
		WA001011 /* StrandsBedrockProvider in Frameworks */ = {isa = PBXBuildFile; productRef = WA005002 /* StrandsBedrockProvider */; };
/* End PBXBuildFile section */

/* Begin PBXFileReference section */
		WA002000 /* WritingAssistant.app */ = {isa = PBXFileReference; explicitFileType = wrapper.application; includeInIndex = 0; path = WritingAssistant.app; sourceTree = BUILT_PRODUCTS_DIR; };
		WA002001 /* WritingAssistantApp.swift */ = {isa = PBXFileReference; lastKnownFileType = sourcecode.swift; path = WritingAssistantApp.swift; sourceTree = "<group>"; };
		WA002002 /* WritingModel.swift */ = {isa = PBXFileReference; lastKnownFileType = sourcecode.swift; path = WritingModel.swift; sourceTree = "<group>"; };
		WA002003 /* RootView.swift */ = {isa = PBXFileReference; lastKnownFileType = sourcecode.swift; path = RootView.swift; sourceTree = "<group>"; };
		WA002004 /* SidebarView.swift */ = {isa = PBXFileReference; lastKnownFileType = sourcecode.swift; path = SidebarView.swift; sourceTree = "<group>"; };
		WA002005 /* EditorPane.swift */ = {isa = PBXFileReference; lastKnownFileType = sourcecode.swift; path = EditorPane.swift; sourceTree = "<group>"; };
		WA002006 /* AgentDetailView.swift */ = {isa = PBXFileReference; lastKnownFileType = sourcecode.swift; path = AgentDetailView.swift; sourceTree = "<group>"; };
		WA002007 /* Info.plist */ = {isa = PBXFileReference; lastKnownFileType = text.plist.xml; path = Info.plist; sourceTree = "<group>"; };
/* End PBXFileReference section */

/* Begin PBXFrameworksBuildPhase section */
		WA003001 /* Frameworks */ = {
			isa = PBXFrameworksBuildPhase;
			buildActionMask = 2147483647;
			files = (
				WA001010 /* StrandsAgents in Frameworks */,
				WA001011 /* StrandsBedrockProvider in Frameworks */,
			);
			runOnlyForDeploymentPostprocessing = 0;
		};
/* End PBXFrameworksBuildPhase section */

/* Begin PBXGroup section */
		WA004000 /* root */ = {
			isa = PBXGroup;
			children = (WA004001 /* WritingAssistant */, WA004002 /* Products */);
			sourceTree = "<group>";
		};
		WA004001 /* WritingAssistant */ = {
			isa = PBXGroup;
			children = (
				WA002001 /* WritingAssistantApp.swift */,
				WA002002 /* WritingModel.swift */,
				WA002003 /* RootView.swift */,
				WA002004 /* SidebarView.swift */,
				WA002005 /* EditorPane.swift */,
				WA002006 /* AgentDetailView.swift */,
				WA002007 /* Info.plist */,
			);
			path = ..;
			sourceTree = "<group>";
		};
		WA004002 /* Products */ = {
			isa = PBXGroup;
			children = (WA002000 /* WritingAssistant.app */);
			name = Products;
			sourceTree = "<group>";
		};
/* End PBXGroup section */

/* Begin PBXNativeTarget section */
		WA006000 /* WritingAssistant */ = {
			isa = PBXNativeTarget;
			buildConfigurationList = WA007000;
			buildPhases = (WA003001 /* Frameworks */, WA003002 /* Sources */, WA003003 /* Resources */);
			buildRules = ();
			dependencies = ();
			name = WritingAssistant;
			packageProductDependencies = (WA005001 /* StrandsAgents */, WA005002 /* StrandsBedrockProvider */);
			productName = WritingAssistant;
			productReference = WA002000 /* WritingAssistant.app */;
			productType = "com.apple.product-type.application";
		};
/* End PBXNativeTarget section */

/* Begin PBXProject section */
		WA008000 /* Project object */ = {
			isa = PBXProject;
			attributes = {BuildIndependentTargetsInParallel = 1; LastSwiftUpdateCheck = 1500; LastUpgradeCheck = 1500;};
			buildConfigurationList = WA007001;
			compatibilityVersion = "Xcode 14.0";
			developmentRegion = en;
			hasScannedForEncodings = 0;
			knownRegions = (en, Base);
			mainGroup = WA004000;
			packageReferences = (WA009000);
			productRefGroup = WA004002 /* Products */;
			projectDirPath = "";
			projectRoot = "";
			targets = (WA006000 /* WritingAssistant */);
		};
/* End PBXProject section */

/* Begin PBXResourcesBuildPhase section */
		WA003003 /* Resources */ = {
			isa = PBXResourcesBuildPhase;
			buildActionMask = 2147483647;
			files = ();
			runOnlyForDeploymentPostprocessing = 0;
		};
/* End PBXResourcesBuildPhase section */

/* Begin PBXSourcesBuildPhase section */
		WA003002 /* Sources */ = {
			isa = PBXSourcesBuildPhase;
			buildActionMask = 2147483647;
			files = (
				WA001001 /* WritingAssistantApp.swift in Sources */,
				WA001002 /* WritingModel.swift in Sources */,
				WA001003 /* RootView.swift in Sources */,
				WA001004 /* SidebarView.swift in Sources */,
				WA001005 /* EditorPane.swift in Sources */,
				WA001006 /* AgentDetailView.swift in Sources */,
			);
			runOnlyForDeploymentPostprocessing = 0;
		};
/* End PBXSourcesBuildPhase section */

/* Begin XCBuildConfiguration section */
		WA007010 /* Debug */ = {
			isa = XCBuildConfiguration;
			buildSettings = {
				CODE_SIGN_STYLE = Automatic;
				COMBINE_HIDPI_IMAGES = YES;
				CURRENT_PROJECT_VERSION = 1;
				ENABLE_PREVIEWS = YES;
				INFOPLIST_FILE = "../Info.plist";
				LD_RUNPATH_SEARCH_PATHS = ("$(inherited)", "@executable_path/../Frameworks");
				MACOSX_DEPLOYMENT_TARGET = 14.0;
				MARKETING_VERSION = 1.0;
				PRODUCT_BUNDLE_IDENTIFIER = "com.communitystrands.WritingAssistant";
				PRODUCT_NAME = "$(TARGET_NAME)";
				SWIFT_EMIT_LOC_STRINGS = YES;
				SWIFT_VERSION = 6.0;
			};
			name = Debug;
		};
		WA007011 /* Release */ = {
			isa = XCBuildConfiguration;
			buildSettings = {
				CODE_SIGN_STYLE = Automatic;
				COMBINE_HIDPI_IMAGES = YES;
				CURRENT_PROJECT_VERSION = 1;
				ENABLE_PREVIEWS = YES;
				INFOPLIST_FILE = "../Info.plist";
				LD_RUNPATH_SEARCH_PATHS = ("$(inherited)", "@executable_path/../Frameworks");
				MACOSX_DEPLOYMENT_TARGET = 14.0;
				MARKETING_VERSION = 1.0;
				PRODUCT_BUNDLE_IDENTIFIER = "com.communitystrands.WritingAssistant";
				PRODUCT_NAME = "$(TARGET_NAME)";
				SWIFT_EMIT_LOC_STRINGS = YES;
				SWIFT_VERSION = 6.0;
			};
			name = Release;
		};
		WA007020 /* Debug */ = {
			isa = XCBuildConfiguration;
			buildSettings = {
				ALWAYS_SEARCH_USER_PATHS = NO;
				CLANG_ENABLE_MODULES = YES;
				CLANG_ENABLE_OBJC_ARC = YES;
				COPY_PHASE_STRIP = NO;
				DEBUG_INFORMATION_FORMAT = dwarf;
				ENABLE_TESTABILITY = YES;
				GCC_OPTIMIZATION_LEVEL = 0;
				GCC_PREPROCESSOR_DEFINITIONS = ("DEBUG=1", "$(inherited)");
				GCC_WARN_ABOUT_RETURN_TYPE = YES_ERROR;
				GCC_WARN_UNUSED_VARIABLE = YES;
				MACOSX_DEPLOYMENT_TARGET = 14.0;
				ONLY_ACTIVE_ARCH = YES;
				SDKROOT = macosx;
				SWIFT_ACTIVE_COMPILATION_CONDITIONS = "DEBUG $(inherited)";
				SWIFT_OPTIMIZATION_LEVEL = "-Onone";
			};
			name = Debug;
		};
		WA007021 /* Release */ = {
			isa = XCBuildConfiguration;
			buildSettings = {
				ALWAYS_SEARCH_USER_PATHS = NO;
				CLANG_ENABLE_MODULES = YES;
				CLANG_ENABLE_OBJC_ARC = YES;
				COPY_PHASE_STRIP = NO;
				DEBUG_INFORMATION_FORMAT = "dwarf-with-dsym";
				ENABLE_NS_ASSERTIONS = NO;
				GCC_WARN_ABOUT_RETURN_TYPE = YES_ERROR;
				GCC_WARN_UNUSED_VARIABLE = YES;
				MACOSX_DEPLOYMENT_TARGET = 14.0;
				SDKROOT = macosx;
				SWIFT_COMPILATION_MODE = wholemodule;
			};
			name = Release;
		};
/* End XCBuildConfiguration section */

/* Begin XCConfigurationList section */
		WA007000 /* Build configuration list for PBXNativeTarget "WritingAssistant" */ = {
			isa = XCConfigurationList;
			buildConfigurations = (WA007010 /* Debug */, WA007011 /* Release */);
			defaultConfigurationIsVisible = 0;
			defaultConfigurationName = Release;
		};
		WA007001 /* Build configuration list for PBXProject "WritingAssistant" */ = {
			isa = XCConfigurationList;
			buildConfigurations = (WA007020 /* Debug */, WA007021 /* Release */);
			defaultConfigurationIsVisible = 0;
			defaultConfigurationName = Release;
		};
/* End XCConfigurationList section */

/* Begin XCRemoteSwiftPackageReference section */
		WA009000 /* XCRemoteSwiftPackageReference "strands-agents-swift" */ = {
			isa = XCRemoteSwiftPackageReference;
			repositoryURL = "https://github.com/kunal732/strands-agents-swift";
			requirement = {
				branch = master;
				kind = branch;
			};
		};
/* End XCRemoteSwiftPackageReference section */

/* Begin XCSwiftPackageProductDependency section */
		WA005001 /* StrandsAgents */ = {
			isa = XCSwiftPackageProductDependency;
			package = WA009000;
			productName = StrandsAgents;
		};
		WA005002 /* StrandsBedrockProvider */ = {
			isa = XCSwiftPackageProductDependency;
			package = WA009000;
			productName = StrandsBedrockProvider;
		};
/* End XCSwiftPackageProductDependency section */

	};
	rootObject = WA008000 /* Project object */;
}
